
Microsoft Visual Studio Solution File, Format Version 12.00
# Visual Studio Version 16
VisualStudioVersion = 16.0.30621.155
MinimumVisualStudioVersion = 10.0.40219.1
Project("{FAE04EC0-301F-11D3-BF4B-00C04F79EFBC}") = "WebApp", "WebApp\WebApp.csproj", "{B9003C88-4D3F-4870-B70C-5669D8E1DEEF}"
EndProject
Project("{FAE04EC0-301F-11D3-BF4B-00C04F79EFBC}") = "Database", "Database\Database.csproj", "{4549920C-D19B-4D2A-912D-FE6E35F0B325}"
EndProject
Global
	GlobalSection(SolutionConfigurationPlatforms) = preSolution
		Debug|Any CPU = Debug|Any CPU
		Release|Any CPU = Release|Any CPU
	EndGlobalSection
	GlobalSection(ProjectConfigurationPlatforms) = postSolution
		{B9003C88-4D3F-4870-B70C-5669D8E1DEEF}.Debug|Any CPU.ActiveCfg = Debug|Any CPU
		{B9003C88-4D3F-4870-B70C-5669D8E1DEEF}.Debug|Any CPU.Build.0 = Debug|Any CPU
		{B9003C88-4D3F-4870-B70C-5669D8E1DEEF}.Release|Any CPU.ActiveCfg = Release|Any CPU
		{B9003C88-4D3F-4870-B70C-5669D8E1DEEF}.Release|Any CPU.Build.0 = Release|Any CPU
		{4549920C-D19B-4D2A-912D-FE6E35F0B325}.Debug|Any CPU.ActiveCfg = Debug|Any CPU
		{4549920C-D19B-4D2A-912D-FE6E35F0B325}.Debug|Any CPU.Build.0 = Debug|Any CPU
		{4549920C-D19B-4D2A-912D-FE6E35F0B325}.Release|Any CPU.ActiveCfg = Release|Any CPU
		{4549920C-D19B-4D2A-912D-FE6E35F0B325}.Release|Any CPU.Build.0 = Release|Any CPU
	EndGlobalSection
	GlobalSection(SolutionProperties) = preSolution
		HideSolutionNode = FALSE
	EndGlobalSection
	GlobalSection(ExtensibilityGlobals) = postSolution
		SolutionGuid = {CDC26A01-CACC-4078-B4FE-CE005B626BCD}
	EndGlobalSection
EndGlobal
